{
  "pins" : [
    {
      "identity" : "alamofire",
      "kind" : "remoteSourceControl",
      "location" : "https://github.com/Alamofire/Alamofire",
      "state" : {
        "revision" : "78424be314842833c04bc3bef5b72e85fff99204",
        "version" : "5.6.4"
      }
    },
    {
      "identity" : "toastswiftui",
      "kind" : "remoteSourceControl",
      "location" : "https://github.com/huynguyencong/ToastSwiftUI.git",
      "state" : {
        "revision" : "fc621e168dd8b308a1a4a6ea3bf6a85716d3d361",
        "version" : "0.3.4"
      }
    }
  ],
  "version" : 2
}
